
Microsoft Visual Studio Solution File, Format Version 12.00
# Visual Studio Version 16
VisualStudioVersion = 16.0.30021.99
MinimumVisualStudioVersion = 10.0.40219.1
Project("{9A19103F-16F7-4668-BE54-9A1E7A4F7556}") = "EmployeeService.Client", "EmployeeService\Client\EmployeeService.Client.csproj", "{CC6ECDDD-E740-4360-A9F8-F408DB117F84}"
EndProject
Project("{9A19103F-16F7-4668-BE54-9A1E7A4F7556}") = "EmployeeService.Test", "EmployeeService.Test\EmployeeService.Test.csproj", "{7330FF5A-5D42-4F8D-9AFC-312F464945D3}"
EndProject
Global
	GlobalSection(SolutionConfigurationPlatforms) = preSolution
		Debug|Any CPU = Debug|Any CPU
		Release|Any CPU = Release|Any CPU
	EndGlobalSection
	GlobalSection(ProjectConfigurationPlatforms) = postSolution
		{CC6ECDDD-E740-4360-A9F8-F408DB117F84}.Debug|Any CPU.ActiveCfg = Debug|Any CPU
		{CC6ECDDD-E740-4360-A9F8-F408DB117F84}.Debug|Any CPU.Build.0 = Debug|Any CPU
		{CC6ECDDD-E740-4360-A9F8-F408DB117F84}.Release|Any CPU.ActiveCfg = Release|Any CPU
		{CC6ECDDD-E740-4360-A9F8-F408DB117F84}.Release|Any CPU.Build.0 = Release|Any CPU
		{7330FF5A-5D42-4F8D-9AFC-312F464945D3}.Debug|Any CPU.ActiveCfg = Debug|Any CPU
		{7330FF5A-5D42-4F8D-9AFC-312F464945D3}.Debug|Any CPU.Build.0 = Debug|Any CPU
		{7330FF5A-5D42-4F8D-9AFC-312F464945D3}.Release|Any CPU.ActiveCfg = Release|Any CPU
		{7330FF5A-5D42-4F8D-9AFC-312F464945D3}.Release|Any CPU.Build.0 = Release|Any CPU
	EndGlobalSection
	GlobalSection(SolutionProperties) = preSolution
		HideSolutionNode = FALSE
	EndGlobalSection
	GlobalSection(ExtensibilityGlobals) = postSolution
		SolutionGuid = {03261046-C0FE-4C41-BD20-1C7E0E5A7B33}
	EndGlobalSection
EndGlobal
